
Microsoft Visual Studio Solution File, Format Version 12.00
# Visual Studio Version 16
VisualStudioVersion = 16.0.31624.102
MinimumVisualStudioVersion = 10.0.40219.1
Project("{FAE04EC0-301F-11D3-BF4B-00C04F79EFBC}") = "VK-Ecommerce", "VK-Ecommerce\VK-Ecommerce.csproj", "{585FBC3A-4FBA-4C6F-9AAD-DF59F0C3BAFF}"
EndProject
Global
	GlobalSection(SolutionConfigurationPlatforms) = preSolution
		Debug|Any CPU = Debug|Any CPU
		Release|Any CPU = Release|Any CPU
	EndGlobalSection
	GlobalSection(ProjectConfigurationPlatforms) = postSolution
		{585FBC3A-4FBA-4C6F-9AAD-DF59F0C3BAFF}.Debug|Any CPU.ActiveCfg = Debug|Any CPU
		{585FBC3A-4FBA-4C6F-9AAD-DF59F0C3BAFF}.Debug|Any CPU.Build.0 = Debug|Any CPU
		{585FBC3A-4FBA-4C6F-9AAD-DF59F0C3BAFF}.Release|Any CPU.ActiveCfg = Release|Any CPU
		{585FBC3A-4FBA-4C6F-9AAD-DF59F0C3BAFF}.Release|Any CPU.Build.0 = Release|Any CPU
	EndGlobalSection
	GlobalSection(SolutionProperties) = preSolution
		HideSolutionNode = FALSE
	EndGlobalSection
	GlobalSection(ExtensibilityGlobals) = postSolution
		SolutionGuid = {7E88D69A-33C4-47CC-8BFD-C42EAE02A020}
	EndGlobalSection
EndGlobal
